
Microsoft Visual Studio Solution File, Format Version 12.00
# Visual Studio Version 16
VisualStudioVersion = 16.0.31105.61
MinimumVisualStudioVersion = 10.0.40219.1
Project("{888888A0-9F3D-457C-B088-3A5042F75D52}") = "Batalha Pokémon", "Batalha Pokémon\Batalha Pokémon.pyproj", "{C5E3318B-DB3B-4DEF-BDEC-791404D2F38B}"
EndProject
Global
	GlobalSection(SolutionConfigurationPlatforms) = preSolution
		Debug|Any CPU = Debug|Any CPU
		Release|Any CPU = Release|Any CPU
	EndGlobalSection
	GlobalSection(ProjectConfigurationPlatforms) = postSolution
		{C5E3318B-DB3B-4DEF-BDEC-791404D2F38B}.Debug|Any CPU.ActiveCfg = Debug|Any CPU
		{C5E3318B-DB3B-4DEF-BDEC-791404D2F38B}.Release|Any CPU.ActiveCfg = Release|Any CPU
	EndGlobalSection
	GlobalSection(SolutionProperties) = preSolution
		HideSolutionNode = FALSE
	EndGlobalSection
	GlobalSection(ExtensibilityGlobals) = postSolution
		SolutionGuid = {8B6D326D-40BC-4BC9-9C80-03A38D073C77}
	EndGlobalSection
EndGlobal
